
Microsoft Visual Studio Solution File, Format Version 12.00
# Visual Studio Version 17
VisualStudioVersion = 17.9.34723.18
MinimumVisualStudioVersion = 10.0.40219.1
Project("{9A19103F-16F7-4668-BE54-9A1E7A4F7556}") = "DMS.DomainEvents", "..\DMS.Shared\DMS.DomainEvents\DMS.DomainEvents.csproj", "{28248C62-567F-4D86-844B-0348A4A2F90C}"
EndProject
Project("{FAE04EC0-301F-11D3-BF4B-00C04F79EFBC}") = "DocumentListenerService", "DocumentListenerService\DocumentListenerService.csproj", "{8CFA5156-E9B7-41F6-AFDA-0E314F1481B3}"
EndProject
Project("{FAE04EC0-301F-11D3-BF4B-00C04F79EFBC}") = "DocumentListener.Domain", "DocumentListener.Domain\DocumentListener.Domain.csproj", "{DBAE8AAD-31B1-42EB-AF89-A1E9E6047383}"
EndProject
Project("{FAE04EC0-301F-11D3-BF4B-00C04F79EFBC}") = "DocumentListener.Data", "DocumentListener.Data\DocumentListener.Data.csproj", "{4109FEE8-3133-4D6E-A429-E03A0D258EAA}"
EndProject
Project("{FAE04EC0-301F-11D3-BF4B-00C04F79EFBC}") = "DocumentListener.Service", "DocumentListener.Service\DocumentListener.Service.csproj", "{89AA5281-DC6F-4FF9-B8DC-75C1D81EF039}"
EndProject
Global
	GlobalSection(SolutionConfigurationPlatforms) = preSolution
		Debug|Any CPU = Debug|Any CPU
		Release|Any CPU = Release|Any CPU
	EndGlobalSection
	GlobalSection(ProjectConfigurationPlatforms) = postSolution
		{28248C62-567F-4D86-844B-0348A4A2F90C}.Debug|Any CPU.ActiveCfg = Debug|Any CPU
		{28248C62-567F-4D86-844B-0348A4A2F90C}.Debug|Any CPU.Build.0 = Debug|Any CPU
		{28248C62-567F-4D86-844B-0348A4A2F90C}.Release|Any CPU.ActiveCfg = Release|Any CPU
		{28248C62-567F-4D86-844B-0348A4A2F90C}.Release|Any CPU.Build.0 = Release|Any CPU
		{8CFA5156-E9B7-41F6-AFDA-0E314F1481B3}.Debug|Any CPU.ActiveCfg = Debug|Any CPU
		{8CFA5156-E9B7-41F6-AFDA-0E314F1481B3}.Debug|Any CPU.Build.0 = Debug|Any CPU
		{8CFA5156-E9B7-41F6-AFDA-0E314F1481B3}.Release|Any CPU.ActiveCfg = Release|Any CPU
		{8CFA5156-E9B7-41F6-AFDA-0E314F1481B3}.Release|Any CPU.Build.0 = Release|Any CPU
		{DBAE8AAD-31B1-42EB-AF89-A1E9E6047383}.Debug|Any CPU.ActiveCfg = Debug|Any CPU
		{DBAE8AAD-31B1-42EB-AF89-A1E9E6047383}.Debug|Any CPU.Build.0 = Debug|Any CPU
		{DBAE8AAD-31B1-42EB-AF89-A1E9E6047383}.Release|Any CPU.ActiveCfg = Release|Any CPU
		{DBAE8AAD-31B1-42EB-AF89-A1E9E6047383}.Release|Any CPU.Build.0 = Release|Any CPU
		{4109FEE8-3133-4D6E-A429-E03A0D258EAA}.Debug|Any CPU.ActiveCfg = Debug|Any CPU
		{4109FEE8-3133-4D6E-A429-E03A0D258EAA}.Debug|Any CPU.Build.0 = Debug|Any CPU
		{4109FEE8-3133-4D6E-A429-E03A0D258EAA}.Release|Any CPU.ActiveCfg = Release|Any CPU
		{4109FEE8-3133-4D6E-A429-E03A0D258EAA}.Release|Any CPU.Build.0 = Release|Any CPU
		{89AA5281-DC6F-4FF9-B8DC-75C1D81EF039}.Debug|Any CPU.ActiveCfg = Debug|Any CPU
		{89AA5281-DC6F-4FF9-B8DC-75C1D81EF039}.Debug|Any CPU.Build.0 = Debug|Any CPU
		{89AA5281-DC6F-4FF9-B8DC-75C1D81EF039}.Release|Any CPU.ActiveCfg = Release|Any CPU
		{89AA5281-DC6F-4FF9-B8DC-75C1D81EF039}.Release|Any CPU.Build.0 = Release|Any CPU
	EndGlobalSection
	GlobalSection(SolutionProperties) = preSolution
		HideSolutionNode = FALSE
	EndGlobalSection
	GlobalSection(ExtensibilityGlobals) = postSolution
		SolutionGuid = {1BE469FF-E9AB-4C31-A104-54294B160379}
	EndGlobalSection
EndGlobal
